// !$*UTF8*$!
{
	archiveVersion = 1;
	classes = {
	};
	objectVersion = 50;
	objects = {

/* Begin PBXBuildFile section */
		DD1A4354208F8B42001A282D /* AppDelegate.swift in Sources */ = {isa = PBXBuildFile; fileRef = DD1A4353208F8B42001A282D /* AppDelegate.swift */; };
		DD1A4356208F8B42001A282D /* SearchViewController.swift in Sources */ = {isa = PBXBuildFile; fileRef = DD1A4355208F8B42001A282D /* SearchViewController.swift */; };
		DD1A4359208F8B42001A282D /* Main.storyboard in Resources */ = {isa = PBXBuildFile; fileRef = DD1A4357208F8B42001A282D /* Main.storyboard */; };
		DD1A435B208F8B42001A282D /* Assets.xcassets in Resources */ = {isa = PBXBuildFile; fileRef = DD1A435A208F8B42001A282D /* Assets.xcassets */; };
		DD1A435E208F8B42001A282D /* LaunchScreen.storyboard in Resources */ = {isa = PBXBuildFile; fileRef = DD1A435C208F8B42001A282D /* LaunchScreen.storyboard */; };
		DD1A4367208F95CB001A282D /* SearchResult.swift in Sources */ = {isa = PBXBuildFile; fileRef = DD1A4366208F95CB001A282D /* SearchResult.swift */; };
		DD1A4369208F9F40001A282D /* SearchResultCell.xib in Resources */ = {isa = PBXBuildFile; fileRef = DD1A4368208F9F40001A282D /* SearchResultCell.xib */; };
		DD1A436D208FA44A001A282D /* SearchResultCell.swift in Sources */ = {isa = PBXBuildFile; fileRef = DD1A436C208FA44A001A282D /* SearchResultCell.swift */; };
		DD1A4370208FAC8E001A282D /* NothingFoundCell.xib in Resources */ = {isa = PBXBuildFile; fileRef = DD1A436F208FAC8E001A282D /* NothingFoundCell.xib */; };
/* End PBXBuildFile section */

/* Begin PBXFileReference section */
		DD1A4350208F8B42001A282D /* StoreSearch.app */ = {isa = PBXFileReference; explicitFileType = wrapper.application; includeInIndex = 0; path = StoreSearch.app; sourceTree = BUILT_PRODUCTS_DIR; };
		DD1A4353208F8B42001A282D /* AppDelegate.swift */ = {isa = PBXFileReference; lastKnownFileType = sourcecode.swift; path = AppDelegate.swift; sourceTree = "<group>"; };
		DD1A4355208F8B42001A282D /* SearchViewController.swift */ = {isa = PBXFileReference; lastKnownFileType = sourcecode.swift; path = SearchViewController.swift; sourceTree = "<group>"; };
		DD1A4358208F8B42001A282D /* Base */ = {isa = PBXFileReference; lastKnownFileType = file.storyboard; name = Base; path = Base.lproj/Main.storyboard; sourceTree = "<group>"; };
		DD1A435A208F8B42001A282D /* Assets.xcassets */ = {isa = PBXFileReference; lastKnownFileType = folder.assetcatalog; path = Assets.xcassets; sourceTree = "<group>"; };
		DD1A435D208F8B42001A282D /* Base */ = {isa = PBXFileReference; lastKnownFileType = file.storyboard; name = Base; path = Base.lproj/LaunchScreen.storyboard; sourceTree = "<group>"; };
		DD1A435F208F8B42001A282D /* Info.plist */ = {isa = PBXFileReference; lastKnownFileType = text.plist.xml; path = Info.plist; sourceTree = "<group>"; };
		DD1A4366208F95CB001A282D /* SearchResult.swift */ = {isa = PBXFileReference; lastKnownFileType = sourcecode.swift; path = SearchResult.swift; sourceTree = "<group>"; };
		DD1A4368208F9F40001A282D /* SearchResultCell.xib */ = {isa = PBXFileReference; lastKnownFileType = file.xib; path = SearchResultCell.xib; sourceTree = "<group>"; };
		DD1A436C208FA44A001A282D /* SearchResultCell.swift */ = {isa = PBXFileReference; lastKnownFileType = sourcecode.swift; path = SearchResultCell.swift; sourceTree = "<group>"; };
		DD1A436F208FAC8E001A282D /* NothingFoundCell.xib */ = {isa = PBXFileReference; lastKnownFileType = file.xib; path = NothingFoundCell.xib; sourceTree = "<group>"; };
/* End PBXFileReference section */

/* Begin PBXFrameworksBuildPhase section */
		DD1A434D208F8B42001A282D /* Frameworks */ = {
			isa = PBXFrameworksBuildPhase;
			buildActionMask = 2147483647;
			files = (
			);
			runOnlyForDeploymentPostprocessing = 0;
		};
/* End PBXFrameworksBuildPhase section */

/* Begin PBXGroup section */
		DD1A4347208F8B42001A282D = {
			isa = PBXGroup;
			children = (
				DD1A4352208F8B42001A282D /* StoreSearch */,
				DD1A4351208F8B42001A282D /* Products */,
			);
			sourceTree = "<group>";
		};
		DD1A4351208F8B42001A282D /* Products */ = {
			isa = PBXGroup;
			children = (
				DD1A4350208F8B42001A282D /* StoreSearch.app */,
			);
			name = Products;
			sourceTree = "<group>";
		};
		DD1A4352208F8B42001A282D /* StoreSearch */ = {
			isa = PBXGroup;
			children = (
				DD1A4355208F8B42001A282D /* SearchViewController.swift */,
				DD1A4366208F95CB001A282D /* SearchResult.swift */,
				DD1A4357208F8B42001A282D /* Main.storyboard */,
				DD1A436E208FA452001A282D /* SearchResultCell */,
				DD1A4365208F94C3001A282D /* Supporting Files */,
				DD1A435F208F8B42001A282D /* Info.plist */,
			);
			path = StoreSearch;
			sourceTree = "<group>";
		};
		DD1A4365208F94C3001A282D /* Supporting Files */ = {
			isa = PBXGroup;
			children = (
				DD1A4353208F8B42001A282D /* AppDelegate.swift */,
				DD1A435A208F8B42001A282D /* Assets.xcassets */,
				DD1A435C208F8B42001A282D /* LaunchScreen.storyboard */,
			);
			path = "Supporting Files";
			sourceTree = "<group>";
		};
		DD1A436E208FA452001A282D /* SearchResultCell */ = {
			isa = PBXGroup;
			children = (
				DD1A436C208FA44A001A282D /* SearchResultCell.swift */,
				DD1A4368208F9F40001A282D /* SearchResultCell.xib */,
				DD1A436F208FAC8E001A282D /* NothingFoundCell.xib */,
			);
			path = SearchResultCell;
			sourceTree = "<group>";
		};
/* End PBXGroup section */

/* Begin PBXNativeTarget section */
		DD1A434F208F8B42001A282D /* StoreSearch */ = {
			isa = PBXNativeTarget;
			buildConfigurationList = DD1A4362208F8B42001A282D /* Build configuration list for PBXNativeTarget "StoreSearch" */;
			buildPhases = (
				DD1A434C208F8B42001A282D /* Sources */,
				DD1A434D208F8B42001A282D /* Frameworks */,
				DD1A434E208F8B42001A282D /* Resources */,
			);
			buildRules = (
			);
			dependencies = (
			);
			name = StoreSearch;
			productName = StoreSearch;
			productReference = DD1A4350208F8B42001A282D /* StoreSearch.app */;
			productType = "com.apple.product-type.application";
		};
/* End PBXNativeTarget section */

/* Begin PBXProject section */
		DD1A4348208F8B42001A282D /* Project object */ = {
			isa = PBXProject;
			attributes = {
				LastSwiftUpdateCheck = 0930;
				LastUpgradeCheck = 0930;
				ORGANIZATIONNAME = "Vitalii Havryliuk";
				TargetAttributes = {
					DD1A434F208F8B42001A282D = {
						CreatedOnToolsVersion = 9.3;
					};
				};
			};
			buildConfigurationList = DD1A434B208F8B42001A282D /* Build configuration list for PBXProject "StoreSearch" */;
			compatibilityVersion = "Xcode 9.3";
			developmentRegion = en;
			hasScannedForEncodings = 0;
			knownRegions = (
				en,
				Base,
			);
			mainGroup = DD1A4347208F8B42001A282D;
			productRefGroup = DD1A4351208F8B42001A282D /* Products */;
			projectDirPath = "";
			projectRoot = "";
			targets = (
				DD1A434F208F8B42001A282D /* StoreSearch */,
			);
		};
/* End PBXProject section */

/* Begin PBXResourcesBuildPhase section */
		DD1A434E208F8B42001A282D /* Resources */ = {
			isa = PBXResourcesBuildPhase;
			buildActionMask = 2147483647;
			files = (
				DD1A435E208F8B42001A282D /* LaunchScreen.storyboard in Resources */,
				DD1A435B208F8B42001A282D /* Assets.xcassets in Resources */,
				DD1A4369208F9F40001A282D /* SearchResultCell.xib in Resources */,
				DD1A4370208FAC8E001A282D /* NothingFoundCell.xib in Resources */,
				DD1A4359208F8B42001A282D /* Main.storyboard in Resources */,
			);
			runOnlyForDeploymentPostprocessing = 0;
		};
/* End PBXResourcesBuildPhase section */

/* Begin PBXSourcesBuildPhase section */
		DD1A434C208F8B42001A282D /* Sources */ = {
			isa = PBXSourcesBuildPhase;
			buildActionMask = 2147483647;
			files = (
				DD1A4356208F8B42001A282D /* SearchViewController.swift in Sources */,
				DD1A4367208F95CB001A282D /* SearchResult.swift in Sources */,
				DD1A436D208FA44A001A282D /* SearchResultCell.swift in Sources */,
				DD1A4354208F8B42001A282D /* AppDelegate.swift in Sources */,
			);
			runOnlyForDeploymentPostprocessing = 0;
		};
/* End PBXSourcesBuildPhase section */

/* Begin PBXVariantGroup section */
		DD1A4357208F8B42001A282D /* Main.storyboard */ = {
			isa = PBXVariantGroup;
			children = (
				DD1A4358208F8B42001A282D /* Base */,
			);
			name = Main.storyboard;
			sourceTree = "<group>";
		};
		DD1A435C208F8B42001A282D /* LaunchScreen.storyboard */ = {
			isa = PBXVariantGroup;
			children = (
				DD1A435D208F8B42001A282D /* Base */,
			);
			name = LaunchScreen.storyboard;
			sourceTree = "<group>";
		};
/* End PBXVariantGroup section */

/* Begin XCBuildConfiguration section */
		DD1A4360208F8B42001A282D /* Debug */ = {
			isa = XCBuildConfiguration;
			buildSettings = {
				ALWAYS_SEARCH_USER_PATHS = NO;
				CLANG_ANALYZER_NONNULL = YES;
				CLANG_ANALYZER_NUMBER_OBJECT_CONVERSION = YES_AGGRESSIVE;
				CLANG_CXX_LANGUAGE_STANDARD = "gnu++14";
				CLANG_CXX_LIBRARY = "libc++";
				CLANG_ENABLE_MODULES = YES;
				CLANG_ENABLE_OBJC_ARC = YES;
				CLANG_ENABLE_OBJC_WEAK = YES;
				CLANG_WARN_BLOCK_CAPTURE_AUTORELEASING = YES;
				CLANG_WARN_BOOL_CONVERSION = YES;
				CLANG_WARN_COMMA = YES;
				CLANG_WARN_CONSTANT_CONVERSION = YES;
				CLANG_WARN_DEPRECATED_OBJC_IMPLEMENTATIONS = YES;
				CLANG_WARN_DIRECT_OBJC_ISA_USAGE = YES_ERROR;
				CLANG_WARN_DOCUMENTATION_COMMENTS = YES;
				CLANG_WARN_EMPTY_BODY = YES;
				CLANG_WARN_ENUM_CONVERSION = YES;
				CLANG_WARN_INFINITE_RECURSION = YES;
				CLANG_WARN_INT_CONVERSION = YES;
				CLANG_WARN_NON_LITERAL_NULL_CONVERSION = YES;
				CLANG_WARN_OBJC_IMPLICIT_RETAIN_SELF = YES;
				CLANG_WARN_OBJC_LITERAL_CONVERSION = YES;
				CLANG_WARN_OBJC_ROOT_CLASS = YES_ERROR;
				CLANG_WARN_RANGE_LOOP_ANALYSIS = YES;
				CLANG_WARN_STRICT_PROTOTYPES = YES;
				CLANG_WARN_SUSPICIOUS_MOVE = YES;
				CLANG_WARN_UNGUARDED_AVAILABILITY = YES_AGGRESSIVE;
				CLANG_WARN_UNREACHABLE_CODE = YES;
				CLANG_WARN__DUPLICATE_METHOD_MATCH = YES;
				CODE_SIGN_IDENTITY = "iPhone Developer";
				COPY_PHASE_STRIP = NO;
				DEBUG_INFORMATION_FORMAT = dwarf;
				ENABLE_STRICT_OBJC_MSGSEND = YES;
				ENABLE_TESTABILITY = YES;
				GCC_C_LANGUAGE_STANDARD = gnu11;
				GCC_DYNAMIC_NO_PIC = NO;
				GCC_NO_COMMON_BLOCKS = YES;
				GCC_OPTIMIZATION_LEVEL = 0;
				GCC_PREPROCESSOR_DEFINITIONS = (
					"DEBUG=1",
					"$(inherited)",
				);
				GCC_WARN_64_TO_32_BIT_CONVERSION = YES;
				GCC_WARN_ABOUT_RETURN_TYPE = YES_ERROR;
				GCC_WARN_UNDECLARED_SELECTOR = YES;
				GCC_WARN_UNINITIALIZED_AUTOS = YES_AGGRESSIVE;
				GCC_WARN_UNUSED_FUNCTION = YES;
				GCC_WARN_UNUSED_VARIABLE = YES;
				IPHONEOS_DEPLOYMENT_TARGET = 11.3;
				MTL_ENABLE_DEBUG_INFO = YES;
				ONLY_ACTIVE_ARCH = YES;
				SDKROOT = iphoneos;
				SWIFT_ACTIVE_COMPILATION_CONDITIONS = DEBUG;
				SWIFT_OPTIMIZATION_LEVEL = "-Onone";
			};
			name = Debug;
		};
		DD1A4361208F8B42001A282D /* Release */ = {
			isa = XCBuildConfiguration;
			buildSettings = {
				ALWAYS_SEARCH_USER_PATHS = NO;
				CLANG_ANALYZER_NONNULL = YES;
				CLANG_ANALYZER_NUMBER_OBJECT_CONVERSION = YES_AGGRESSIVE;
				CLANG_CXX_LANGUAGE_STANDARD = "gnu++14";
				CLANG_CXX_LIBRARY = "libc++";
				CLANG_ENABLE_MODULES = YES;
				CLANG_ENABLE_OBJC_ARC = YES;
				CLANG_ENABLE_OBJC_WEAK = YES;
				CLANG_WARN_BLOCK_CAPTURE_AUTORELEASING = YES;
				CLANG_WARN_BOOL_CONVERSION = YES;
				CLANG_WARN_COMMA = YES;
				CLANG_WARN_CONSTANT_CONVERSION = YES;
				CLANG_WARN_DEPRECATED_OBJC_IMPLEMENTATIONS = YES;
				CLANG_WARN_DIRECT_OBJC_ISA_USAGE = YES_ERROR;
				CLANG_WARN_DOCUMENTATION_COMMENTS = YES;
				CLANG_WARN_EMPTY_BODY = YES;
				CLANG_WARN_ENUM_CONVERSION = YES;
				CLANG_WARN_INFINITE_RECURSION = YES;
				CLANG_WARN_INT_CONVERSION = YES;
				CLANG_WARN_NON_LITERAL_NULL_CONVERSION = YES;
				CLANG_WARN_OBJC_IMPLICIT_RETAIN_SELF = YES;
				CLANG_WARN_OBJC_LITERAL_CONVERSION = YES;
				CLANG_WARN_OBJC_ROOT_CLASS = YES_ERROR;
				CLANG_WARN_RANGE_LOOP_ANALYSIS = YES;
				CLANG_WARN_STRICT_PROTOTYPES = YES;
				CLANG_WARN_SUSPICIOUS_MOVE = YES;
				CLANG_WARN_UNGUARDED_AVAILABILITY = YES_AGGRESSIVE;
				CLANG_WARN_UNREACHABLE_CODE = YES;
				CLANG_WARN__DUPLICATE_METHOD_MATCH = YES;
				CODE_SIGN_IDENTITY = "iPhone Developer";
				COPY_PHASE_STRIP = NO;
				DEBUG_INFORMATION_FORMAT = "dwarf-with-dsym";
				ENABLE_NS_ASSERTIONS = NO;
				ENABLE_STRICT_OBJC_MSGSEND = YES;
				GCC_C_LANGUAGE_STANDARD = gnu11;
				GCC_NO_COMMON_BLOCKS = YES;
				GCC_WARN_64_TO_32_BIT_CONVERSION = YES;
				GCC_WARN_ABOUT_RETURN_TYPE = YES_ERROR;
				GCC_WARN_UNDECLARED_SELECTOR = YES;
				GCC_WARN_UNINITIALIZED_AUTOS = YES_AGGRESSIVE;
				GCC_WARN_UNUSED_FUNCTION = YES;
				GCC_WARN_UNUSED_VARIABLE = YES;
				IPHONEOS_DEPLOYMENT_TARGET = 11.3;
				MTL_ENABLE_DEBUG_INFO = NO;
				SDKROOT = iphoneos;
				SWIFT_COMPILATION_MODE = wholemodule;
				SWIFT_OPTIMIZATION_LEVEL = "-O";
				VALIDATE_PRODUCT = YES;
			};
			name = Release;
		};
		DD1A4363208F8B42001A282D /* Debug */ = {
			isa = XCBuildConfiguration;
			buildSettings = {
				ASSETCATALOG_COMPILER_APPICON_NAME = AppIcon;
				CODE_SIGN_STYLE = Automatic;
				DEVELOPMENT_TEAM = 2SWL59DHLX;
				INFOPLIST_FILE = StoreSearch/Info.plist;
				LD_RUNPATH_SEARCH_PATHS = (
					"$(inherited)",
					"@executable_path/Frameworks",
				);
				PRODUCT_BUNDLE_IDENTIFIER = hvrlk.StoreSearch;
				PRODUCT_NAME = "$(TARGET_NAME)";
				SWIFT_VERSION = 4.0;
				TARGETED_DEVICE_FAMILY = "1,2";
			};
			name = Debug;
		};
		DD1A4364208F8B42001A282D /* Release */ = {
			isa = XCBuildConfiguration;
			buildSettings = {
				ASSETCATALOG_COMPILER_APPICON_NAME = AppIcon;
				CODE_SIGN_STYLE = Automatic;
				DEVELOPMENT_TEAM = 2SWL59DHLX;
				INFOPLIST_FILE = StoreSearch/Info.plist;
				LD_RUNPATH_SEARCH_PATHS = (
					"$(inherited)",
					"@executable_path/Frameworks",
				);
				PRODUCT_BUNDLE_IDENTIFIER = hvrlk.StoreSearch;
				PRODUCT_NAME = "$(TARGET_NAME)";
				SWIFT_VERSION = 4.0;
				TARGETED_DEVICE_FAMILY = "1,2";
			};
			name = Release;
		};
/* End XCBuildConfiguration section */

/* Begin XCConfigurationList section */
		DD1A434B208F8B42001A282D /* Build configuration list for PBXProject "StoreSearch" */ = {
			isa = XCConfigurationList;
			buildConfigurations = (
				DD1A4360208F8B42001A282D /* Debug */,
				DD1A4361208F8B42001A282D /* Release */,
			);
			defaultConfigurationIsVisible = 0;
			defaultConfigurationName = Release;
		};
		DD1A4362208F8B42001A282D /* Build configuration list for PBXNativeTarget "StoreSearch" */ = {
			isa = XCConfigurationList;
			buildConfigurations = (
				DD1A4363208F8B42001A282D /* Debug */,
				DD1A4364208F8B42001A282D /* Release */,
			);
			defaultConfigurationIsVisible = 0;
			defaultConfigurationName = Release;
		};
/* End XCConfigurationList section */
	};
	rootObject = DD1A4348208F8B42001A282D /* Project object */;
}
